
Microsoft Visual Studio Solution File, Format Version 12.00
# Visual Studio Version 16
VisualStudioVersion = 16.0.31205.134
MinimumVisualStudioVersion = 10.0.40219.1
Project("{FAE04EC0-301F-11D3-BF4B-00C04F79EFBC}") = "ITMO.ASP.NET.Lab01_DemoWebForms", "ITMO.ASP.NET.Lab01_DemoWebForms\ITMO.ASP.NET.Lab01_DemoWebForms.csproj", "{1F4A05F3-BAE0-4330-8383-991B1FA419A0}"
EndProject
Project("{FAE04EC0-301F-11D3-BF4B-00C04F79EFBC}") = "ITMO.ASP.NET.Lab01_DemoWebForms_MVC", "ITMO.ASP.NET.Lab01_DemoWebForms_MVC\ITMO.ASP.NET.Lab01_DemoWebForms_MVC.csproj", "{31CE8923-5296-4B99-BE00-4DA7B452343C}"
EndProject
Global
	GlobalSection(SolutionConfigurationPlatforms) = preSolution
		Debug|Any CPU = Debug|Any CPU
		Release|Any CPU = Release|Any CPU
	EndGlobalSection
	GlobalSection(ProjectConfigurationPlatforms) = postSolution
		{1F4A05F3-BAE0-4330-8383-991B1FA419A0}.Debug|Any CPU.ActiveCfg = Debug|Any CPU
		{1F4A05F3-BAE0-4330-8383-991B1FA419A0}.Debug|Any CPU.Build.0 = Debug|Any CPU
		{1F4A05F3-BAE0-4330-8383-991B1FA419A0}.Release|Any CPU.ActiveCfg = Release|Any CPU
		{1F4A05F3-BAE0-4330-8383-991B1FA419A0}.Release|Any CPU.Build.0 = Release|Any CPU
		{31CE8923-5296-4B99-BE00-4DA7B452343C}.Debug|Any CPU.ActiveCfg = Debug|Any CPU
		{31CE8923-5296-4B99-BE00-4DA7B452343C}.Debug|Any CPU.Build.0 = Debug|Any CPU
		{31CE8923-5296-4B99-BE00-4DA7B452343C}.Release|Any CPU.ActiveCfg = Release|Any CPU
		{31CE8923-5296-4B99-BE00-4DA7B452343C}.Release|Any CPU.Build.0 = Release|Any CPU
	EndGlobalSection
	GlobalSection(SolutionProperties) = preSolution
		HideSolutionNode = FALSE
	EndGlobalSection
	GlobalSection(ExtensibilityGlobals) = postSolution
		SolutionGuid = {197B8A65-B852-4B0D-8D40-EE0E6C1CBEDE}
	EndGlobalSection
EndGlobal
